
Microsoft Visual Studio Solution File, Format Version 12.00
# Visual Studio Version 17
VisualStudioVersion = 17.5.002.0
MinimumVisualStudioVersion = 10.0.40219.1
Project("{9A19103F-16F7-4668-BE54-9A1E7A4F7556}") = "MonoGameUI", "UI\UI.csproj", "{6EC22D45-2E6C-41B4-8538-D4C4A667B47F}"
EndProject
Project("{FAE04EC0-301F-11D3-BF4B-00C04F79EFBC}") = "MonoGameUI.Test", "Tests\Test.csproj", "{6D1A999D-37F7-479F-B13A-C04B5FB74E60}"
EndProject
Global
	GlobalSection(SolutionConfigurationPlatforms) = preSolution
		Debug|Any CPU = Debug|Any CPU
		Release|Any CPU = Release|Any CPU
	EndGlobalSection
	GlobalSection(ProjectConfigurationPlatforms) = postSolution
		{6EC22D45-2E6C-41B4-8538-D4C4A667B47F}.Debug|Any CPU.ActiveCfg = Debug|Any CPU
		{6EC22D45-2E6C-41B4-8538-D4C4A667B47F}.Debug|Any CPU.Build.0 = Debug|Any CPU
		{6EC22D45-2E6C-41B4-8538-D4C4A667B47F}.Release|Any CPU.ActiveCfg = Release|Any CPU
		{6EC22D45-2E6C-41B4-8538-D4C4A667B47F}.Release|Any CPU.Build.0 = Release|Any CPU
		{6D1A999D-37F7-479F-B13A-C04B5FB74E60}.Debug|Any CPU.ActiveCfg = Debug|Any CPU
		{6D1A999D-37F7-479F-B13A-C04B5FB74E60}.Debug|Any CPU.Build.0 = Debug|Any CPU
		{6D1A999D-37F7-479F-B13A-C04B5FB74E60}.Release|Any CPU.ActiveCfg = Release|Any CPU
		{6D1A999D-37F7-479F-B13A-C04B5FB74E60}.Release|Any CPU.Build.0 = Release|Any CPU
	EndGlobalSection
	GlobalSection(SolutionProperties) = preSolution
		HideSolutionNode = FALSE
	EndGlobalSection
	GlobalSection(ExtensibilityGlobals) = postSolution
		SolutionGuid = {47178AA8-FBF4-45D4-B0D9-984FFF065991}
	EndGlobalSection
EndGlobal
